Microsoft Visual Studio Solution File, Format Version 12.00
# Visual Studio Version 17
VisualStudioVersion = 17.5.2.0
MinimumVisualStudioVersion = 10.0.40219.1
Project("{FAE04EC0-301F-11D3-BF4B-00C04F79EFBC}") = "ShopCreator.Core", "ShopCreator.Core.csproj", "{A148D45D-CD8B-1397-3CD9-5D4119C77FA0}"
EndProject
Global
	GlobalSection(SolutionConfigurationPlatforms) = preSolution
		Debug|Any CPU = Debug|Any CPU
		Release|Any CPU = Release|Any CPU
	EndGlobalSection
	GlobalSection(ProjectConfigurationPlatforms) = postSolution
		{A148D45D-CD8B-1397-3CD9-5D4119C77FA0}.Debug|Any CPU.ActiveCfg = Debug|Any CPU
		{A148D45D-CD8B-1397-3CD9-5D4119C77FA0}.Debug|Any CPU.Build.0 = Debug|Any CPU
		{A148D45D-CD8B-1397-3CD9-5D4119C77FA0}.Release|Any CPU.ActiveCfg = Release|Any CPU
		{A148D45D-CD8B-1397-3CD9-5D4119C77FA0}.Release|Any CPU.Build.0 = Release|Any CPU
	EndGlobalSection
	GlobalSection(SolutionProperties) = preSolution
		HideSolutionNode = FALSE
	EndGlobalSection
	GlobalSection(ExtensibilityGlobals) = postSolution
		SolutionGuid = {EE88250A-E651-4B77-81D2-D5892AA5B956}
	EndGlobalSection
EndGlobal
